
Microsoft Visual Studio Solution File, Format Version 12.00
# Visual Studio 15
VisualStudioVersion = 15.0.28010.2003
MinimumVisualStudioVersion = 10.0.40219.1
Project("{FAE04EC0-301F-11D3-BF4B-00C04F79EFBC}") = "EventEx", "EventEx\EventEx.csproj", "{F3855BE9-5824-4E4D-A63F-9F551FA47354}"
EndProject
Global
	GlobalSection(SolutionConfigurationPlatforms) = preSolution
		Debug|Any CPU = Debug|Any CPU
		Release|Any CPU = Release|Any CPU
	EndGlobalSection
	GlobalSection(ProjectConfigurationPlatforms) = postSolution
		{F3855BE9-5824-4E4D-A63F-9F551FA47354}.Debug|Any CPU.ActiveCfg = Debug|Any CPU
		{F3855BE9-5824-4E4D-A63F-9F551FA47354}.Debug|Any CPU.Build.0 = Debug|Any CPU
		{F3855BE9-5824-4E4D-A63F-9F551FA47354}.Release|Any CPU.ActiveCfg = Release|Any CPU
		{F3855BE9-5824-4E4D-A63F-9F551FA47354}.Release|Any CPU.Build.0 = Release|Any CPU
	EndGlobalSection
	GlobalSection(SolutionProperties) = preSolution
		HideSolutionNode = FALSE
	EndGlobalSection
	GlobalSection(ExtensibilityGlobals) = postSolution
		SolutionGuid = {D58F2419-06A4-41CC-B35F-9FDB8D4AEDB7}
	EndGlobalSection
EndGlobal
